
Microsoft Visual Studio Solution File, Format Version 12.00
# Visual Studio 15
VisualStudioVersion = 15.0.27004.2005
MinimumVisualStudioVersion = 10.0.40219.1
Project("{FAE04EC0-301F-11D3-BF4B-00C04F79EFBC}") = "hw1_syst", "hw1_syst\hw1_syst.csproj", "{0A9676FC-569A-4970-9132-B4653759D6F1}"
EndProject
Global
	GlobalSection(SolutionConfigurationPlatforms) = preSolution
		Debug|Any CPU = Debug|Any CPU
		Release|Any CPU = Release|Any CPU
	EndGlobalSection
	GlobalSection(ProjectConfigurationPlatforms) = postSolution
		{0A9676FC-569A-4970-9132-B4653759D6F1}.Debug|Any CPU.ActiveCfg = Debug|Any CPU
		{0A9676FC-569A-4970-9132-B4653759D6F1}.Debug|Any CPU.Build.0 = Debug|Any CPU
		{0A9676FC-569A-4970-9132-B4653759D6F1}.Release|Any CPU.ActiveCfg = Release|Any CPU
		{0A9676FC-569A-4970-9132-B4653759D6F1}.Release|Any CPU.Build.0 = Release|Any CPU
	EndGlobalSection
	GlobalSection(SolutionProperties) = preSolution
		HideSolutionNode = FALSE
	EndGlobalSection
	GlobalSection(ExtensibilityGlobals) = postSolution
		SolutionGuid = {384B9009-164E-4FB6-8C78-E45DCE5EE6D1}
	EndGlobalSection
EndGlobal
